// !$*UTF8*$!
{
	archiveVersion = 1;
	classes = {
	};
	objectVersion = 56;
	objects = {

/* Begin PBXBuildFile section */
		12B147622AF9662C00F8EC38 /* Nano_Challenge04App.swift in Sources */ = {isa = PBXBuildFile; fileRef = 12B147612AF9662C00F8EC38 /* Nano_Challenge04App.swift */; };
		12B147642AF9662C00F8EC38 /* ContentView.swift in Sources */ = {isa = PBXBuildFile; fileRef = 12B147632AF9662C00F8EC38 /* ContentView.swift */; };
		12B147662AF9662E00F8EC38 /* Assets.xcassets in Resources */ = {isa = PBXBuildFile; fileRef = 12B147652AF9662E00F8EC38 /* Assets.xcassets */; };
		12B147692AF9662E00F8EC38 /* Preview Assets.xcassets in Resources */ = {isa = PBXBuildFile; fileRef = 12B147682AF9662E00F8EC38 /* Preview Assets.xcassets */; };
		12B147752AF967D700F8EC38 /* CopoView.swift in Sources */ = {isa = PBXBuildFile; fileRef = 12B147742AF967D700F8EC38 /* CopoView.swift */; };
		12B147772AFAA97A00F8EC38 /* OnboardingTip.swift in Sources */ = {isa = PBXBuildFile; fileRef = 12B147762AFAA97A00F8EC38 /* OnboardingTip.swift */; };
		12B147792AFAA9A600F8EC38 /* TriggerTip.swift in Sources */ = {isa = PBXBuildFile; fileRef = 12B147782AFAA9A600F8EC38 /* TriggerTip.swift */; };
		12B1477B2AFAA9D100F8EC38 /* TimeSensitiveTip.swift in Sources */ = {isa = PBXBuildFile; fileRef = 12B1477A2AFAA9D100F8EC38 /* TimeSensitiveTip.swift */; };
		31F1F90F2AFEA3E1006E3A5B /* CloudKitViewModel.swift in Sources */ = {isa = PBXBuildFile; fileRef = 31F1F90E2AFEA3E1006E3A5B /* CloudKitViewModel.swift */; };
		31F1F9112AFEA465006E3A5B /* WaterCup.swift in Sources */ = {isa = PBXBuildFile; fileRef = 31F1F9102AFEA465006E3A5B /* WaterCup.swift */; };
		9B2BEAE82AFAB22500D8D383 /* AppOpenedTip.swift in Sources */ = {isa = PBXBuildFile; fileRef = 9B2BEAE72AFAB22500D8D383 /* AppOpenedTip.swift */; };
		AB25CABF2AFD2C3A0064A37A /* OpenLinkTip.swift in Sources */ = {isa = PBXBuildFile; fileRef = AB25CABE2AFD2C3A0064A37A /* OpenLinkTip.swift */; };
		E0517D1E2B0299C300DA1CD0 /* AppDelegate.swift in Sources */ = {isa = PBXBuildFile; fileRef = E0517D1D2B0299C300DA1CD0 /* AppDelegate.swift */; };
/* End PBXBuildFile section */

/* Begin PBXFileReference section */
		12B1475E2AF9662C00F8EC38 /* Nano-Challenge04.app */ = {isa = PBXFileReference; explicitFileType = wrapper.application; includeInIndex = 0; path = "Nano-Challenge04.app"; sourceTree = BUILT_PRODUCTS_DIR; };
		12B147612AF9662C00F8EC38 /* Nano_Challenge04App.swift */ = {isa = PBXFileReference; lastKnownFileType = sourcecode.swift; path = Nano_Challenge04App.swift; sourceTree = "<group>"; };
		12B147632AF9662C00F8EC38 /* ContentView.swift */ = {isa = PBXFileReference; lastKnownFileType = sourcecode.swift; path = ContentView.swift; sourceTree = "<group>"; };
		12B147652AF9662E00F8EC38 /* Assets.xcassets */ = {isa = PBXFileReference; lastKnownFileType = folder.assetcatalog; path = Assets.xcassets; sourceTree = "<group>"; };
		12B147682AF9662E00F8EC38 /* Preview Assets.xcassets */ = {isa = PBXFileReference; lastKnownFileType = folder.assetcatalog; path = "Preview Assets.xcassets"; sourceTree = "<group>"; };
		12B147742AF967D700F8EC38 /* CopoView.swift */ = {isa = PBXFileReference; lastKnownFileType = sourcecode.swift; path = CopoView.swift; sourceTree = "<group>"; };
		12B147762AFAA97A00F8EC38 /* OnboardingTip.swift */ = {isa = PBXFileReference; lastKnownFileType = sourcecode.swift; path = OnboardingTip.swift; sourceTree = "<group>"; };
		12B147782AFAA9A600F8EC38 /* TriggerTip.swift */ = {isa = PBXFileReference; lastKnownFileType = sourcecode.swift; path = TriggerTip.swift; sourceTree = "<group>"; };
		12B1477A2AFAA9D100F8EC38 /* TimeSensitiveTip.swift */ = {isa = PBXFileReference; lastKnownFileType = sourcecode.swift; path = TimeSensitiveTip.swift; sourceTree = "<group>"; };
		31F1F90D2AFE9E63006E3A5B /* Nano-Challenge04.entitlements */ = {isa = PBXFileReference; lastKnownFileType = text.plist.entitlements; path = "Nano-Challenge04.entitlements"; sourceTree = "<group>"; };
		31F1F90E2AFEA3E1006E3A5B /* CloudKitViewModel.swift */ = {isa = PBXFileReference; lastKnownFileType = sourcecode.swift; path = CloudKitViewModel.swift; sourceTree = "<group>"; };
		31F1F9102AFEA465006E3A5B /* WaterCup.swift */ = {isa = PBXFileReference; lastKnownFileType = sourcecode.swift; path = WaterCup.swift; sourceTree = "<group>"; };
		9B2BEAE72AFAB22500D8D383 /* AppOpenedTip.swift */ = {isa = PBXFileReference; lastKnownFileType = sourcecode.swift; path = AppOpenedTip.swift; sourceTree = "<group>"; };
		AB25CABE2AFD2C3A0064A37A /* OpenLinkTip.swift */ = {isa = PBXFileReference; lastKnownFileType = sourcecode.swift; path = OpenLinkTip.swift; sourceTree = "<group>"; };
		E0517D1D2B0299C300DA1CD0 /* AppDelegate.swift */ = {isa = PBXFileReference; lastKnownFileType = sourcecode.swift; path = AppDelegate.swift; sourceTree = "<group>"; };
/* End PBXFileReference section */

/* Begin PBXFrameworksBuildPhase section */
		12B1475B2AF9662C00F8EC38 /* Frameworks */ = {
			isa = PBXFrameworksBuildPhase;
			buildActionMask = 2147483647;
			files = (
			);
			runOnlyForDeploymentPostprocessing = 0;
		};
/* End PBXFrameworksBuildPhase section */

/* Begin PBXGroup section */
		12B147552AF9662C00F8EC38 = {
			isa = PBXGroup;
			children = (
				12B147602AF9662C00F8EC38 /* Nano-Challenge04 */,
				12B1475F2AF9662C00F8EC38 /* Products */,
			);
			sourceTree = "<group>";
		};
		12B1475F2AF9662C00F8EC38 /* Products */ = {
			isa = PBXGroup;
			children = (
				12B1475E2AF9662C00F8EC38 /* Nano-Challenge04.app */,
			);
			name = Products;
			sourceTree = "<group>";
		};
		12B147602AF9662C00F8EC38 /* Nano-Challenge04 */ = {
			isa = PBXGroup;
			children = (
				31F1F90D2AFE9E63006E3A5B /* Nano-Challenge04.entitlements */,
				9B59F8B82AFC014C003D5FEA /* Tips */,
				12B1476F2AF966C500F8EC38 /* Views */,
				31F1F90C2AFE9E07006E3A5B /* CloudKit */,
				12B147612AF9662C00F8EC38 /* Nano_Challenge04App.swift */,
				E0517D1D2B0299C300DA1CD0 /* AppDelegate.swift */,
				12B147652AF9662E00F8EC38 /* Assets.xcassets */,
				12B147672AF9662E00F8EC38 /* Preview Content */,
			);
			path = "Nano-Challenge04";
			sourceTree = "<group>";
		};
		12B147672AF9662E00F8EC38 /* Preview Content */ = {
			isa = PBXGroup;
			children = (
				12B147682AF9662E00F8EC38 /* Preview Assets.xcassets */,
			);
			path = "Preview Content";
			sourceTree = "<group>";
		};
		12B1476F2AF966C500F8EC38 /* Views */ = {
			isa = PBXGroup;
			children = (
				12B147632AF9662C00F8EC38 /* ContentView.swift */,
				12B147742AF967D700F8EC38 /* CopoView.swift */,
			);
			path = Views;
			sourceTree = "<group>";
		};
		31F1F90C2AFE9E07006E3A5B /* CloudKit */ = {
			isa = PBXGroup;
			children = (
				31F1F90E2AFEA3E1006E3A5B /* CloudKitViewModel.swift */,
				31F1F9102AFEA465006E3A5B /* WaterCup.swift */,
			);
			path = CloudKit;
			sourceTree = "<group>";
		};
		9B59F8B82AFC014C003D5FEA /* Tips */ = {
			isa = PBXGroup;
			children = (
				12B1477A2AFAA9D100F8EC38 /* TimeSensitiveTip.swift */,
				12B147782AFAA9A600F8EC38 /* TriggerTip.swift */,
				9B2BEAE72AFAB22500D8D383 /* AppOpenedTip.swift */,
				12B147762AFAA97A00F8EC38 /* OnboardingTip.swift */,
				AB25CABE2AFD2C3A0064A37A /* OpenLinkTip.swift */,
			);
			path = Tips;
			sourceTree = "<group>";
		};
/* End PBXGroup section */

/* Begin PBXNativeTarget section */
		12B1475D2AF9662C00F8EC38 /* Nano-Challenge04 */ = {
			isa = PBXNativeTarget;
			buildConfigurationList = 12B1476C2AF9662E00F8EC38 /* Build configuration list for PBXNativeTarget "Nano-Challenge04" */;
			buildPhases = (
				12B1475A2AF9662C00F8EC38 /* Sources */,
				12B1475B2AF9662C00F8EC38 /* Frameworks */,
				12B1475C2AF9662C00F8EC38 /* Resources */,
			);
			buildRules = (
			);
			dependencies = (
			);
			name = "Nano-Challenge04";
			productName = "Nano-Challenge04";
			productReference = 12B1475E2AF9662C00F8EC38 /* Nano-Challenge04.app */;
			productType = "com.apple.product-type.application";
		};
/* End PBXNativeTarget section */

/* Begin PBXProject section */
		12B147562AF9662C00F8EC38 /* Project object */ = {
			isa = PBXProject;
			attributes = {
				BuildIndependentTargetsInParallel = 1;
				LastSwiftUpdateCheck = 1500;
				LastUpgradeCheck = 1500;
				TargetAttributes = {
					12B1475D2AF9662C00F8EC38 = {
						CreatedOnToolsVersion = 15.0.1;
					};
				};
			};
			buildConfigurationList = 12B147592AF9662C00F8EC38 /* Build configuration list for PBXProject "Nano-Challenge04" */;
			compatibilityVersion = "Xcode 14.0";
			developmentRegion = en;
			hasScannedForEncodings = 0;
			knownRegions = (
				en,
				Base,
			);
			mainGroup = 12B147552AF9662C00F8EC38;
			productRefGroup = 12B1475F2AF9662C00F8EC38 /* Products */;
			projectDirPath = "";
			projectRoot = "";
			targets = (
				12B1475D2AF9662C00F8EC38 /* Nano-Challenge04 */,
			);
		};
/* End PBXProject section */

/* Begin PBXResourcesBuildPhase section */
		12B1475C2AF9662C00F8EC38 /* Resources */ = {
			isa = PBXResourcesBuildPhase;
			buildActionMask = 2147483647;
			files = (
				12B147692AF9662E00F8EC38 /* Preview Assets.xcassets in Resources */,
				12B147662AF9662E00F8EC38 /* Assets.xcassets in Resources */,
			);
			runOnlyForDeploymentPostprocessing = 0;
		};
/* End PBXResourcesBuildPhase section */

/* Begin PBXSourcesBuildPhase section */
		12B1475A2AF9662C00F8EC38 /* Sources */ = {
			isa = PBXSourcesBuildPhase;
			buildActionMask = 2147483647;
			files = (
				E0517D1E2B0299C300DA1CD0 /* AppDelegate.swift in Sources */,
				12B147642AF9662C00F8EC38 /* ContentView.swift in Sources */,
				AB25CABF2AFD2C3A0064A37A /* OpenLinkTip.swift in Sources */,
				12B1477B2AFAA9D100F8EC38 /* TimeSensitiveTip.swift in Sources */,
				31F1F9112AFEA465006E3A5B /* WaterCup.swift in Sources */,
				12B147752AF967D700F8EC38 /* CopoView.swift in Sources */,
				9B2BEAE82AFAB22500D8D383 /* AppOpenedTip.swift in Sources */,
				31F1F90F2AFEA3E1006E3A5B /* CloudKitViewModel.swift in Sources */,
				12B147622AF9662C00F8EC38 /* Nano_Challenge04App.swift in Sources */,
				12B147772AFAA97A00F8EC38 /* OnboardingTip.swift in Sources */,
				12B147792AFAA9A600F8EC38 /* TriggerTip.swift in Sources */,
			);
			runOnlyForDeploymentPostprocessing = 0;
		};
/* End PBXSourcesBuildPhase section */

/* Begin XCBuildConfiguration section */
		12B1476A2AF9662E00F8EC38 /* Debug */ = {
			isa = XCBuildConfiguration;
			buildSettings = {
				ALWAYS_SEARCH_USER_PATHS = NO;
				ASSETCATALOG_COMPILER_GENERATE_SWIFT_ASSET_SYMBOL_EXTENSIONS = YES;
				CLANG_ANALYZER_NONNULL = YES;
				CLANG_ANALYZER_NUMBER_OBJECT_CONVERSION = YES_AGGRESSIVE;
				CLANG_CXX_LANGUAGE_STANDARD = "gnu++20";
				CLANG_ENABLE_MODULES = YES;
				CLANG_ENABLE_OBJC_ARC = YES;
				CLANG_ENABLE_OBJC_WEAK = YES;
				CLANG_WARN_BLOCK_CAPTURE_AUTORELEASING = YES;
				CLANG_WARN_BOOL_CONVERSION = YES;
				CLANG_WARN_COMMA = YES;
				CLANG_WARN_CONSTANT_CONVERSION = YES;
				CLANG_WARN_DEPRECATED_OBJC_IMPLEMENTATIONS = YES;
				CLANG_WARN_DIRECT_OBJC_ISA_USAGE = YES_ERROR;
				CLANG_WARN_DOCUMENTATION_COMMENTS = YES;
				CLANG_WARN_EMPTY_BODY = YES;
				CLANG_WARN_ENUM_CONVERSION = YES;
				CLANG_WARN_INFINITE_RECURSION = YES;
				CLANG_WARN_INT_CONVERSION = YES;
				CLANG_WARN_NON_LITERAL_NULL_CONVERSION = YES;
				CLANG_WARN_OBJC_IMPLICIT_RETAIN_SELF = YES;
				CLANG_WARN_OBJC_LITERAL_CONVERSION = YES;
				CLANG_WARN_OBJC_ROOT_CLASS = YES_ERROR;
				CLANG_WARN_QUOTED_INCLUDE_IN_FRAMEWORK_HEADER = YES;
				CLANG_WARN_RANGE_LOOP_ANALYSIS = YES;
				CLANG_WARN_STRICT_PROTOTYPES = YES;
				CLANG_WARN_SUSPICIOUS_MOVE = YES;
				CLANG_WARN_UNGUARDED_AVAILABILITY = YES_AGGRESSIVE;
				CLANG_WARN_UNREACHABLE_CODE = YES;
				CLANG_WARN__DUPLICATE_METHOD_MATCH = YES;
				COPY_PHASE_STRIP = NO;
				DEBUG_INFORMATION_FORMAT = dwarf;
				ENABLE_STRICT_OBJC_MSGSEND = YES;
				ENABLE_TESTABILITY = YES;
				ENABLE_USER_SCRIPT_SANDBOXING = YES;
				GCC_C_LANGUAGE_STANDARD = gnu17;
				GCC_DYNAMIC_NO_PIC = NO;
				GCC_NO_COMMON_BLOCKS = YES;
				GCC_OPTIMIZATION_LEVEL = 0;
				GCC_PREPROCESSOR_DEFINITIONS = (
					"DEBUG=1",
					"$(inherited)",
				);
				GCC_WARN_64_TO_32_BIT_CONVERSION = YES;
				GCC_WARN_ABOUT_RETURN_TYPE = YES_ERROR;
				GCC_WARN_UNDECLARED_SELECTOR = YES;
				GCC_WARN_UNINITIALIZED_AUTOS = YES_AGGRESSIVE;
				GCC_WARN_UNUSED_FUNCTION = YES;
				GCC_WARN_UNUSED_VARIABLE = YES;
				IPHONEOS_DEPLOYMENT_TARGET = 17.0;
				LOCALIZATION_PREFERS_STRING_CATALOGS = YES;
				MTL_ENABLE_DEBUG_INFO = INCLUDE_SOURCE;
				MTL_FAST_MATH = YES;
				ONLY_ACTIVE_ARCH = YES;
				SDKROOT = iphoneos;
				SWIFT_ACTIVE_COMPILATION_CONDITIONS = "DEBUG $(inherited)";
				SWIFT_OPTIMIZATION_LEVEL = "-Onone";
			};
			name = Debug;
		};
		12B1476B2AF9662E00F8EC38 /* Release */ = {
			isa = XCBuildConfiguration;
			buildSettings = {
				ALWAYS_SEARCH_USER_PATHS = NO;
				ASSETCATALOG_COMPILER_GENERATE_SWIFT_ASSET_SYMBOL_EXTENSIONS = YES;
				CLANG_ANALYZER_NONNULL = YES;
				CLANG_ANALYZER_NUMBER_OBJECT_CONVERSION = YES_AGGRESSIVE;
				CLANG_CXX_LANGUAGE_STANDARD = "gnu++20";
				CLANG_ENABLE_MODULES = YES;
				CLANG_ENABLE_OBJC_ARC = YES;
				CLANG_ENABLE_OBJC_WEAK = YES;
				CLANG_WARN_BLOCK_CAPTURE_AUTORELEASING = YES;
				CLANG_WARN_BOOL_CONVERSION = YES;
				CLANG_WARN_COMMA = YES;
				CLANG_WARN_CONSTANT_CONVERSION = YES;
				CLANG_WARN_DEPRECATED_OBJC_IMPLEMENTATIONS = YES;
				CLANG_WARN_DIRECT_OBJC_ISA_USAGE = YES_ERROR;
				CLANG_WARN_DOCUMENTATION_COMMENTS = YES;
				CLANG_WARN_EMPTY_BODY = YES;
				CLANG_WARN_ENUM_CONVERSION = YES;
				CLANG_WARN_INFINITE_RECURSION = YES;
				CLANG_WARN_INT_CONVERSION = YES;
				CLANG_WARN_NON_LITERAL_NULL_CONVERSION = YES;
				CLANG_WARN_OBJC_IMPLICIT_RETAIN_SELF = YES;
				CLANG_WARN_OBJC_LITERAL_CONVERSION = YES;
				CLANG_WARN_OBJC_ROOT_CLASS = YES_ERROR;
				CLANG_WARN_QUOTED_INCLUDE_IN_FRAMEWORK_HEADER = YES;
				CLANG_WARN_RANGE_LOOP_ANALYSIS = YES;
				CLANG_WARN_STRICT_PROTOTYPES = YES;
				CLANG_WARN_SUSPICIOUS_MOVE = YES;
				CLANG_WARN_UNGUARDED_AVAILABILITY = YES_AGGRESSIVE;
				CLANG_WARN_UNREACHABLE_CODE = YES;
				CLANG_WARN__DUPLICATE_METHOD_MATCH = YES;
				COPY_PHASE_STRIP = NO;
				DEBUG_INFORMATION_FORMAT = "dwarf-with-dsym";
				ENABLE_NS_ASSERTIONS = NO;
				ENABLE_STRICT_OBJC_MSGSEND = YES;
				ENABLE_USER_SCRIPT_SANDBOXING = YES;
				GCC_C_LANGUAGE_STANDARD = gnu17;
				GCC_NO_COMMON_BLOCKS = YES;
				GCC_WARN_64_TO_32_BIT_CONVERSION = YES;
				GCC_WARN_ABOUT_RETURN_TYPE = YES_ERROR;
				GCC_WARN_UNDECLARED_SELECTOR = YES;
				GCC_WARN_UNINITIALIZED_AUTOS = YES_AGGRESSIVE;
				GCC_WARN_UNUSED_FUNCTION = YES;
				GCC_WARN_UNUSED_VARIABLE = YES;
				IPHONEOS_DEPLOYMENT_TARGET = 17.0;
				LOCALIZATION_PREFERS_STRING_CATALOGS = YES;
				MTL_ENABLE_DEBUG_INFO = NO;
				MTL_FAST_MATH = YES;
				SDKROOT = iphoneos;
				SWIFT_COMPILATION_MODE = wholemodule;
				VALIDATE_PRODUCT = YES;
			};
			name = Release;
		};
		12B1476D2AF9662E00F8EC38 /* Debug */ = {
			isa = XCBuildConfiguration;
			buildSettings = {
				ASSETCATALOG_COMPILER_APPICON_NAME = AppIcon;
				ASSETCATALOG_COMPILER_GLOBAL_ACCENT_COLOR_NAME = AccentColor;
				CODE_SIGN_ENTITLEMENTS = "Nano-Challenge04/Nano-Challenge04.entitlements";
				CODE_SIGN_STYLE = Automatic;
				CURRENT_PROJECT_VERSION = 1;
				DEVELOPMENT_ASSET_PATHS = "\"Nano-Challenge04/Preview Content\"";
				DEVELOPMENT_TEAM = HX623XK8T6;
				ENABLE_PREVIEWS = YES;
				GENERATE_INFOPLIST_FILE = YES;
				INFOPLIST_KEY_UIApplicationSceneManifest_Generation = YES;
				INFOPLIST_KEY_UIApplicationSupportsIndirectInputEvents = YES;
				INFOPLIST_KEY_UILaunchScreen_Generation = YES;
				INFOPLIST_KEY_UISupportedInterfaceOrientations_iPad = "UIInterfaceOrientationPortrait UIInterfaceOrientationPortraitUpsideDown UIInterfaceOrientationLandscapeLeft UIInterfaceOrientationLandscapeRight";
				INFOPLIST_KEY_UISupportedInterfaceOrientations_iPhone = "UIInterfaceOrientationPortrait UIInterfaceOrientationLandscapeLeft UIInterfaceOrientationLandscapeRight";
				LD_RUNPATH_SEARCH_PATHS = (
					"$(inherited)",
					"@executable_path/Frameworks",
				);
				MARKETING_VERSION = 1.0;
				PRODUCT_BUNDLE_IDENTIFIER = "com.VictorHugo.Nano-Challenge04";
				PRODUCT_NAME = "$(TARGET_NAME)";
				SWIFT_EMIT_LOC_STRINGS = YES;
				SWIFT_VERSION = 5.0;
				TARGETED_DEVICE_FAMILY = "1,2";
			};
			name = Debug;
		};
		12B1476E2AF9662E00F8EC38 /* Release */ = {
			isa = XCBuildConfiguration;
			buildSettings = {
				ASSETCATALOG_COMPILER_APPICON_NAME = AppIcon;
				ASSETCATALOG_COMPILER_GLOBAL_ACCENT_COLOR_NAME = AccentColor;
				CODE_SIGN_ENTITLEMENTS = "Nano-Challenge04/Nano-Challenge04.entitlements";
				CODE_SIGN_STYLE = Automatic;
				CURRENT_PROJECT_VERSION = 1;
				DEVELOPMENT_ASSET_PATHS = "\"Nano-Challenge04/Preview Content\"";
				DEVELOPMENT_TEAM = HX623XK8T6;
				ENABLE_PREVIEWS = YES;
				GENERATE_INFOPLIST_FILE = YES;
				INFOPLIST_KEY_UIApplicationSceneManifest_Generation = YES;
				INFOPLIST_KEY_UIApplicationSupportsIndirectInputEvents = YES;
				INFOPLIST_KEY_UILaunchScreen_Generation = YES;
				INFOPLIST_KEY_UISupportedInterfaceOrientations_iPad = "UIInterfaceOrientationPortrait UIInterfaceOrientationPortraitUpsideDown UIInterfaceOrientationLandscapeLeft UIInterfaceOrientationLandscapeRight";
				INFOPLIST_KEY_UISupportedInterfaceOrientations_iPhone = "UIInterfaceOrientationPortrait UIInterfaceOrientationLandscapeLeft UIInterfaceOrientationLandscapeRight";
				LD_RUNPATH_SEARCH_PATHS = (
					"$(inherited)",
					"@executable_path/Frameworks",
				);
				MARKETING_VERSION = 1.0;
				PRODUCT_BUNDLE_IDENTIFIER = "com.VictorHugo.Nano-Challenge04";
				PRODUCT_NAME = "$(TARGET_NAME)";
				SWIFT_EMIT_LOC_STRINGS = YES;
				SWIFT_VERSION = 5.0;
				TARGETED_DEVICE_FAMILY = "1,2";
			};
			name = Release;
		};
/* End XCBuildConfiguration section */

/* Begin XCConfigurationList section */
		12B147592AF9662C00F8EC38 /* Build configuration list for PBXProject "Nano-Challenge04" */ = {
			isa = XCConfigurationList;
			buildConfigurations = (
				12B1476A2AF9662E00F8EC38 /* Debug */,
				12B1476B2AF9662E00F8EC38 /* Release */,
			);
			defaultConfigurationIsVisible = 0;
			defaultConfigurationName = Release;
		};
		12B1476C2AF9662E00F8EC38 /* Build configuration list for PBXNativeTarget "Nano-Challenge04" */ = {
			isa = XCConfigurationList;
			buildConfigurations = (
				12B1476D2AF9662E00F8EC38 /* Debug */,
				12B1476E2AF9662E00F8EC38 /* Release */,
			);
			defaultConfigurationIsVisible = 0;
			defaultConfigurationName = Release;
		};
/* End XCConfigurationList section */
	};
	rootObject = 12B147562AF9662C00F8EC38 /* Project object */;
}
